
Microsoft Visual Studio Solution File, Format Version 12.00
# Visual Studio Version 17
VisualStudioVersion = 17.3.32929.385
MinimumVisualStudioVersion = 10.0.40219.1
Project("{E24C65DC-7377-472B-9ABA-BC803B73C61A}") = "WebSite1-basic", ".", "{6AF8E7FD-44FB-4561-9905-9D7DDC35D4F1}"
	ProjectSection(WebsiteProperties) = preProject
		TargetFrameworkMoniker = ".NETFramework,Version%3Dv4.7.2"
		Debug.AspNetCompiler.VirtualPath = "/localhost_58553"
		Debug.AspNetCompiler.PhysicalPath = "..\WebSite1-basic\"
		Debug.AspNetCompiler.TargetPath = "PrecompiledWeb\localhost_58553\"
		Debug.AspNetCompiler.Updateable = "true"
		Debug.AspNetCompiler.ForceOverwrite = "true"
		Debug.AspNetCompiler.FixedNames = "false"
		Debug.AspNetCompiler.Debug = "True"
		Release.AspNetCompiler.VirtualPath = "/localhost_58553"
		Release.AspNetCompiler.PhysicalPath = "..\WebSite1-basic\"
		Release.AspNetCompiler.TargetPath = "PrecompiledWeb\localhost_58553\"
		Release.AspNetCompiler.Updateable = "true"
		Release.AspNetCompiler.ForceOverwrite = "true"
		Release.AspNetCompiler.FixedNames = "false"
		Release.AspNetCompiler.Debug = "False"
		VWDPort = "58553"
		SlnRelativePath = "..\WebSite1-basic\"
		DefaultWebSiteLanguage = "Visual Basic"
	EndProjectSection
EndProject
Global
	GlobalSection(SolutionConfigurationPlatforms) = preSolution
		Debug|Any CPU = Debug|Any CPU
	EndGlobalSection
	GlobalSection(ProjectConfigurationPlatforms) = postSolution
		{6AF8E7FD-44FB-4561-9905-9D7DDC35D4F1}.Debug|Any CPU.ActiveCfg = Debug|Any CPU
		{6AF8E7FD-44FB-4561-9905-9D7DDC35D4F1}.Debug|Any CPU.Build.0 = Debug|Any CPU
	EndGlobalSection
	GlobalSection(SolutionProperties) = preSolution
		HideSolutionNode = FALSE
	EndGlobalSection
	GlobalSection(ExtensibilityGlobals) = postSolution
		SolutionGuid = {6BEBD5CD-63C4-4C69-B619-1A6F672713A7}
	EndGlobalSection
EndGlobal
